
Microsoft Visual Studio Solution File, Format Version 12.00
# Visual Studio Version 17
VisualStudioVersion = 17.2.32616.157
MinimumVisualStudioVersion = 10.0.40219.1
Project("{FAE04EC0-301F-11D3-BF4B-00C04F79EFBC}") = "AutomationTesting", "AutomationTesting\AutomationTesting.csproj", "{15F52964-588B-4843-B6B8-2DD15E562A9D}"
EndProject
Global
	GlobalSection(SolutionConfigurationPlatforms) = preSolution
		Debug|Any CPU = Debug|Any CPU
		Release|Any CPU = Release|Any CPU
	EndGlobalSection
	GlobalSection(ProjectConfigurationPlatforms) = postSolution
		{15F52964-588B-4843-B6B8-2DD15E562A9D}.Debug|Any CPU.ActiveCfg = Debug|Any CPU
		{15F52964-588B-4843-B6B8-2DD15E562A9D}.Debug|Any CPU.Build.0 = Debug|Any CPU
		{15F52964-588B-4843-B6B8-2DD15E562A9D}.Release|Any CPU.ActiveCfg = Release|Any CPU
		{15F52964-588B-4843-B6B8-2DD15E562A9D}.Release|Any CPU.Build.0 = Release|Any CPU
	EndGlobalSection
	GlobalSection(SolutionProperties) = preSolution
		HideSolutionNode = FALSE
	EndGlobalSection
	GlobalSection(ExtensibilityGlobals) = postSolution
		SolutionGuid = {B70E27FF-DBA6-4556-9EEB-EC636D81D40A}
	EndGlobalSection
EndGlobal
